{
    "_meta": {
        "hash": {
            "sha256": "01e7c7c8b6398289f6d8a86bf6e1728cabe5242293f8ff99bdb1809e26ef42be"
        },
        "pipfile-spec": 6,
        "requires": {
            "python_version": "3.13"
        },
        "sources": [
            {
                "name": "pypi",
                "url": "https://pypi.org/simple",
                "verify_ssl": true
            }
        ]
    },
    "default": {
        "numpy": {
            "hashes": [
                "sha256:05c076d531e9998e7e694c36e8b349969c56eadd2cdcd07242958489d79a7286",
                "sha256:0d54974f9cf14acf49c60f0f7f4084b6579d24d439453d5fc5805d46a165b542",
                "sha256:11c43995255eb4127115956495f43e9343736edb7fcdb0d973defd9de14cd84f",
                "sha256:188dcbca89834cc2e14eb2f106c96d6d46f200fe0200310fc29089657379c58d",
                "sha256:1974afec0b479e50438fc3648974268f972e2d908ddb6d7fb634598cdb8260a0",
                "sha256:1cf4e5c6a278d620dee9ddeb487dc6a860f9b199eadeecc567f777daace1e9e7",
                "sha256:207a2b8441cc8b6a2a78c9ddc64d00d20c303d79fba08c577752f080c4007ee3",
                "sha256:218f061d2faa73621fa23d6359442b0fc658d5b9a70801373625d958259eaca3",
                "sha256:2aad3c17ed2ff455b8eaafe06bcdae0062a1db77cb99f4b9cbb5f4ecb13c5146",
                "sha256:2fa8fa7697ad1646b5c93de1719965844e004fcad23c91228aca1cf0800044a1",
                "sha256:31504f970f563d99f71a3512d0c01a645b692b12a63630d6aafa0939e52361e6",
                "sha256:3387dd7232804b341165cedcb90694565a6015433ee076c6754775e85d86f1fc",
                "sha256:4ba5054787e89c59c593a4169830ab362ac2bee8a969249dc56e5d7d20ff8df9",
                "sha256:4f92084defa704deadd4e0a5ab1dc52d8ac9e8a8ef617f3fbb853e79b0ea3592",
                "sha256:65ef3468b53269eb5fdb3a5c09508c032b793da03251d5f8722b1194f1790c00",
                "sha256:6f527d8fdb0286fd2fd97a2a96c6be17ba4232da346931d967a0630050dfd298",
                "sha256:7051ee569db5fbac144335e0f3b9c2337e0c8d5c9fee015f259a5bd70772b7e8",
                "sha256:7716e4a9b7af82c06a2543c53ca476fa0b57e4d760481273e09da04b74ee6ee2",
                "sha256:79bd5f0a02aa16808fcbc79a9a376a147cc1045f7dfe44c6e7d53fa8b8a79392",
                "sha256:7a4e84a6283b36632e2a5b56e121961f6542ab886bc9e12f8f9818b3c266bfbb",
                "sha256:8120575cb4882318c791f839a4fd66161a6fa46f3f0a5e613071aae35b5dd8f8",
                "sha256:81413336ef121a6ba746892fad881a83351ee3e1e4011f52e97fba79233611fd",
                "sha256:8146f3550d627252269ac42ae660281d673eb6f8b32f113538e0cc2a9aed42b9",
                "sha256:879cf3a9a2b53a4672a168c21375166171bc3932b7e21f622201811c43cdd3b0",
                "sha256:892c10d6a73e0f14935c31229e03325a7b3093fafd6ce0af704be7f894d95687",
                "sha256:92bda934a791c01d6d9d8e038363c50918ef7c40601552a58ac84c9613a665bc",
                "sha256:9ba03692a45d3eef66559efe1d1096c4b9b75c0986b5dff5530c378fb8331d4f",
                "sha256:9eeea959168ea555e556b8188da5fa7831e21d91ce031e95ce23747b7609f8a4",
                "sha256:a0258ad1f44f138b791327961caedffbf9612bfa504ab9597157806faa95194a",
                "sha256:a761ba0fa886a7bb33c6c8f6f20213735cb19642c580a931c625ee377ee8bd39",
                "sha256:a7b9084668aa0f64e64bd00d27ba5146ef1c3a8835f3bd912e7a9e01326804c4",
                "sha256:a84eda42bd12edc36eb5b53bbcc9b406820d3353f1994b6cfe453a33ff101775",
                "sha256:ab2939cd5bec30a7430cbdb2287b63151b77cf9624de0532d629c9a1c59b1d5c",
                "sha256:ac0280f1ba4a4bfff363a99a6aceed4f8e123f8a9b234c89140f5e894e452ecd",
                "sha256:adf8c1d66f432ce577d0197dceaac2ac00c0759f573f28516246351c58a85020",
                "sha256:b4adfbbc64014976d2f91084915ca4e626fbf2057fb81af209c1a6d776d23e3d",
                "sha256:bb649f8b207ab07caebba230d851b579a3c8711a851d29efe15008e31bb4de24",
                "sha256:bce43e386c16898b91e162e5baaad90c4b06f9dcbe36282490032cec98dc8ae7",
                "sha256:bd3ad3b0a40e713fc68f99ecfd07124195333f1e689387c180813f0e94309d6f",
                "sha256:c3f7ac96b16955634e223b579a3e5798df59007ca43e8d451a0e6a50f6bfdfba",
                "sha256:cf28633d64294969c019c6df4ff37f5698e8326db68cc2b66576a51fad634880",
                "sha256:d0f35b19894a9e08639fd60a1ec1978cb7f5f7f1eace62f38dd36be8aecdef4d",
                "sha256:db1f1c22173ac1c58db249ae48aa7ead29f534b9a948bc56828337aa84a32ed6",
                "sha256:dbe512c511956b893d2dacd007d955a3f03d555ae05cfa3ff1c1ff6df8851854",
                "sha256:df2f57871a96bbc1b69733cd4c51dc33bea66146b8c63cacbfed73eec0883017",
                "sha256:e2f085ce2e813a50dfd0e01fbfc0c12bbe5d2063d99f8b29da30e544fb6483b8",
                "sha256:e642d86b8f956098b564a45e6f6ce68a22c2c97a04f5acd3f221f57b8cb850ae",
                "sha256:e9e0a277bb2eb5d8a7407e14688b85fd8ad628ee4e0c7930415687b6564207a4",
                "sha256:ea2bb7e2ae9e37d96835b3576a4fa4b3a97592fbea8ef7c3587078b0068b8f09",
                "sha256:ee4d528022f4c5ff67332469e10efe06a267e32f4067dc76bb7e2cddf3cd25ff",
                "sha256:f05d4198c1bacc9124018109c5fba2f3201dbe7ab6e92ff100494f236209c960",
                "sha256:f34dc300df798742b3d06515aa2a0aee20941c13579d7a2f2e10af01ae4901ee",
                "sha256:f4162988a360a29af158aeb4a2f4f09ffed6a969c9776f8f3bdee9b06a8ab7e5",
                "sha256:f486038e44caa08dbd97275a9a35a283a8f1d2f0ee60ac260a1790e76660833c",
                "sha256:f7de08cbe5551911886d1ab60de58448c6df0f67d9feb7d1fb21e9875ef95e91"
            ],
            "index": "pypi",
            "markers": "python_version >= '3.10'",
            "version": "==2.2.4"
        },
        "opencv-python": {
            "hashes": [
                "sha256:03d60ccae62304860d232272e4a4fda93c39d595780cb40b161b310244b736a4",
                "sha256:085ad9b77c18853ea66283e98affefe2de8cc4c1f43eda4c100cf9b2721142ec",
                "sha256:1b92ae2c8852208817e6776ba1ea0d6b1e0a1b5431e971a2a0ddd2a8cc398202",
                "sha256:432f67c223f1dc2824f5e73cdfcd9db0efc8710647d4e813012195dc9122a52a",
                "sha256:6b02611523803495003bd87362db3e1d2a0454a6a63025dc6658a9830570aa0d",
                "sha256:810549cb2a4aedaa84ad9a1c92fbfdfc14090e2749cedf2c1589ad8359aa169b",
                "sha256:9d05ef13d23fe97f575153558653e2d6e87103995d54e6a35db3f282fe1f9c66"
            ],
            "index": "pypi",
            "markers": "python_version >= '3.6'",
            "version": "==4.11.0.86"
        },
        "pillow": {
            "hashes": [
                "sha256:00f8830ac57dc38bfacfb8bb1b7987da7ccbf99131dae0e826bfbaa2c8dfc990",
                "sha256:07cd635650ddd10be04148e7f2e895afa240d0ea5e810cd10f650adba13f5f93",
                "sha256:0b46b5ee8443213da50b08caa1b2f7c407233873f6153c6fcf558fab57ac658b",
                "sha256:0d3408815fc6ab70283916e0b058e7a4bbacdd7b5bb71ef81a9a507df4580b9a",
                "sha256:0f19332b8de08305db8e003272ba86f5a65231b848a44ceef2e9593101637208",
                "sha256:10502f9425768a4f9c1c8471a7a3f942da659c727369bab1241b7ae1ff16f93f",
                "sha256:106fce029c62ddfed767e4f8cc3396e90ba45320d87df58bf83a73fdbe73f09b",
                "sha256:20d8f9626c3d48baf14e01aca763e5457508cf4245ef0232ba601a4bfa3d26ce",
                "sha256:23fedf0def4193848ce5be2f685e3606c1ebf42a033cfa092b729e6cf844d337",
                "sha256:25e533264bec3ca5dc6e1587810dce1c2dda0b9d63ed4e27fa72092cb351cd55",
                "sha256:284bcf4d37699a3ca6af2f42ba5e90589802f9c9e0c09e4a1a05732e634e94f1",
                "sha256:290fd44a0b517a48af7660b7586538f9db1fe0656d7d6c97b0aefd2a4ad2b14d",
                "sha256:36de59d15a95584fad3758c4bcb992c3bf279ddd86236d3f096dbf696efc2b48",
                "sha256:38afd040bafe3c2893de4e011557c309a878e8fde07e3303bf3cb0f9832d237c",
                "sha256:3a03f96498762c9a6e80282ce43386847e61540011510bf790c48488d834205d",
                "sha256:40f972b6e2a97c633fa25c3c8405d45942747eaf838805d76f7da0363a7696ec",
                "sha256:4122bb11e4d238ed28ecff24863c620aac22732bc102ab9550e99f6fd6eaf869",
                "sha256:4202372ccb549a3f12de2cebbafa82b0a3d8e2cb5569fa4b698e7da6b6521687",
                "sha256:47dcb3289613e256c2419242f6d92b1c9ce28368bd337f6a0cf50cddfb8cc69a",
                "sha256:4846c8efa94eda17832f09c4e8691c9aaeb7eef758c8b622af44e60887fcaf12",
                "sha256:491e11b37e322fc6e80b485f99203e6c4ed69ea170eb6d25e9cb9eb0b92db7e5",
                "sha256:4d1c229f800addb9158c26661c6ade9cb038ff7bb98e3c0149e8fd3a7b6e6e08",
                "sha256:4d28e47fe5a5e5692ea5d239e8bb6c610cf2dad550fc34c5a32d49b1ffd1c891",
                "sha256:52ecd8f581cd5aa0fcc29291acc99b38dbaf898272e86e3146ec3996ed370a46",
                "sha256:54206449613db62c82585bb26ac70f3a1a97654d70ad796b4e05624ef1b08f4e",
                "sha256:57bc12a7d9175ec13c6e1e2a41532e6ae0f5218988259d1f83dd5f7097369ef8",
                "sha256:582c458d766c479ebf5679d582fef698a42b803fa07190e04267280db4f14725",
                "sha256:597b629e4d135ebb904f58d0b3328c58dba3ac7bd1f9585e0dddcb250d3f955c",
                "sha256:5c3a8f916c494c0a3dc37daf5a0e7d98480a6f839ad0fa472e9858b667b48268",
                "sha256:63e0395313bc32de78309e24a298dc4986f8a93fc917032412f510a272ee9f25",
                "sha256:6581ee02eec144cbcdeb6bef055142129cfda0f52939480d81806ee8d61ab4f3",
                "sha256:65dfab8348a42ba9883141e4fa09a7db6ff2a203d17450717b998fb27f4ba0b4",
                "sha256:676461578f605c8e56ea108c371632e4bf40697996d80b5899c592043432e5f1",
                "sha256:6fa29d8fcaf8a830ced88f390baffe32ae1ba41873a3f6c8946213d067db7ae0",
                "sha256:70daf0b69bc9017796cb74a38a597a34e311e4e3e5254d7e4aa42aab3d1d3eac",
                "sha256:71733ea2d70a5fc498b7675cb37e7dcfb2b1889d8a08128ec2a62b6843f0660a",
                "sha256:728f2381d178722d008772e57b3252b8c6c0c284cee76e798ffb392ca71e3fd9",
                "sha256:77cea582243e7286ac23ef6315eeb1434f5ccfc710afa16a8999194aa9d1e88a",
                "sha256:789c65fa7d2a17dc585bb4cc0f08392de5960f7e1a69c6171a82c9f7c5c98b3c",
                "sha256:7d516f854dadc0f449f0db7b93009d3169ae126511ee754c954b4a43c432bd9d",
                "sha256:87c715dd5dc439bde27cf745d59b66af39b2df4355bc57ddd2e51f87f768fb06",
                "sha256:8b46bd331193a7b223864010e751a30ec48245e5106e00eda94b435e37109de1",
                "sha256:92baf77b80de05ede82b14d92bf89a7f0067501b9476df0a162004f3bb015b50",
                "sha256:9565b70771a38b096b0f78d830be5338ca9a0b810ea6cbfab54c64f0266f9c72",
                "sha256:98cd082d9a523cb0f2f8775ec122e67a5cfd9afc6549d91aafe0c2d75535d008",
                "sha256:9ec3481f45d9616bb18b5f3b145744dfcdfabea6a23efe233b8a9026852369d1",
                "sha256:a32b243b37c060884bd04f6bb709a22d86ec05662374076e6a35c07ac0361477",
                "sha256:a9cd300d223efadd1e540521bae1fcdab406ef6c5f2ca6e46370f5671b607f26",
                "sha256:afa1718a5ca25d52c766dfaae795d0286363b7adb005965aadfd9eea804fd0b3",
                "sha256:b228ae10b25650539d37c056063c8f34c0da4f69419ce03249dfd0adc322d46b",
                "sha256:b4204996f6a813f5ca8e7d6365e104ec7391315d014780a909eadc19e613fcf9",
                "sha256:b653372f6b3a7df74cd52abc8c400670ab08dd4473317508ed45668e87df0284",
                "sha256:b92d9059719ec9a718ac9e04039764b10551f2c929db6cd6015e90f9c62f8b34",
                "sha256:be7a73fb992a9cb8e4362220037ea10d3eb52d0804220ca98de4f7d24c1f36c9",
                "sha256:c026e417ebede0e84d9358cc1d9f702356e61a787be882016fbca4fb1248c0d1",
                "sha256:c25567ad74526f362b55940d786e70568a05759a7d3b7de1f12aeec6920bc1ae",
                "sha256:c2a6700be18335d341ddd12facbc49dcf0febbfeefdda4990e017698a8e66f59",
                "sha256:c8a74615674cca471e825392d833e666a945b2bbedfd93299d800f60ae6c495c",
                "sha256:cade37bde4fbe239b177e809a2599c2772f7e54e3c7a355431de6a25023a50d3",
                "sha256:cb17dc417e951a3af0c5a9ed2641b8b37e7b0e78fe685b91b927de474cddad58",
                "sha256:d31997b8ddae9db2d93d9fe195b3bae67746419b22cb65dddcfd5d649aa7f26d",
                "sha256:d8a9dc58117878e94303dbc32a4c9fe470f6b77f349954d4ae003870c9ac7a83",
                "sha256:ed1f80258bc01a0bc5c5f2eda7e4cbd9bc25060dc69be2f00fe1435ba48f4ff4",
                "sha256:f0125a9e668df3e83ff2cfa5800dfe5646591449abae40abf75a1d8b325ddd33",
                "sha256:f50edae2624495d3b075e40f65d86bcbf374fa822dfc05f1d9dc995507c410ed",
                "sha256:f56cd367fb7b5b2779c2b8e5ab2b228ce526b122c21126f4649f9ecd3796efc4",
                "sha256:f67f2191773d7a54f8bad94ba781cba88aedf52fed0ff6f6050065f824d201a4",
                "sha256:fe61cadf4f0449de64fb6911bca381f1a4c1f04cce3027a0d12ebaba626f97cd",
                "sha256:ff44a55a650c0337d3db764cec4f85d1324369e5cf10f6daa96c9513182730a9",
                "sha256:ffcfac194064f4a5bc389b9ef910a60b9bc8573a7e59f081fbc71a59794140f2"
            ],
            "index": "pypi",
            "markers": "python_version >= '3.9'",
            "version": "==11.2.0"
        },
        "pycryptodome": {
            "hashes": [
                "sha256:009e1c80eea42401a5bd5983c4bab8d516aef22e014a4705622e24e6d9d703c6",
                "sha256:18d5b0ddc7cf69231736d778bd3ae2b3efb681ae33b64b0c92fb4626bb48bb89",
                "sha256:2988ffcd5137dc2d27eb51cd18c0f0f68e5b009d5fec56fbccb638f90934f333",
                "sha256:37ddcd18284e6b36b0a71ea495a4c4dca35bb09ccc9bfd5b91bfaf2321f131c1",
                "sha256:3b76fa80daeff9519d7e9f6d9e40708f2fce36b9295a847f00624a08293f4f00",
                "sha256:56c6f9342fcb6c74e205fbd2fee568ec4cdbdaa6165c8fde55dbc4ba5f584464",
                "sha256:87a88dc543b62b5c669895caf6c5a958ac7abc8863919e94b7a6cafd2f64064f",
                "sha256:8f4f6f47a7f411f2c157e77bbbda289e0c9f9e1e9944caa73c1c2e33f3f92d6e",
                "sha256:96e73527c9185a3d9b4c6d1cfb4494f6ced418573150be170f6580cb975a7f5a",
                "sha256:98fd9da809d5675f3a65dcd9ed384b9dc67edab6a4cda150c5870a8122ec961d",
                "sha256:9dbb749cef71c28271484cbef684f9b5b19962153487735411e1020ca3f59cb1",
                "sha256:9e1bb165ea1dc83a11e5dbbe00ef2c378d148f3a2d3834fb5ba4e0f6fd0afe4b",
                "sha256:a0092fd476701eeeb04df5cc509d8b739fa381583cda6a46ff0a60639b7cd70d",
                "sha256:a26bcfee1293b7257c83b0bd13235a4ee58165352be4f8c45db851ba46996dc6",
                "sha256:a31fa5914b255ab62aac9265654292ce0404f6b66540a065f538466474baedbc",
                "sha256:a6cf9553b29624961cab0785a3177a333e09e37ba62ad22314ebdbb01ca79840",
                "sha256:aec7b40a7ea5af7c40f8837adf20a137d5e11a6eb202cde7e588a48fb2d871a8",
                "sha256:b4bdce34af16c1dcc7f8c66185684be15f5818afd2a82b75a4ce6b55f9783e13",
                "sha256:d086aed307e96d40c23c42418cbbca22ecc0ab4a8a0e24f87932eeab26c08627",
                "sha256:d21c1eda2f42211f18a25db4eaf8056c94a8563cd39da3683f89fe0d881fb772",
                "sha256:d4d1174677855c266eed5c4b4e25daa4225ad0c9ffe7584bb1816767892545d0",
                "sha256:e653519dedcd1532788547f00eeb6108cc7ce9efdf5cc9996abce0d53f95d5a9",
                "sha256:e7514a1aebee8e85802d154fdb261381f1cb9b7c5a54594545145b8ec3056ae6",
                "sha256:f02baa9f5e35934c6e8dcec91fcde96612bdefef6e442813b8ea34e82c84bbfb",
                "sha256:f1ae7beb64d4fc4903a6a6cca80f1f448e7a8a95b77d106f8a29f2eb44d17547",
                "sha256:f5810bc7494e4ac12a4afef5a32218129e7d3890ce3f2b5ec520cc69eb1102ad",
                "sha256:f6cf6aa36fcf463e622d2165a5ad9963b2762bebae2f632d719dfb8544903cf5",
                "sha256:f7a683bc9fa585c0dfec7fa4801c96a48d30b30b096e3297f9374f40c2fedafc",
                "sha256:fd7ab568b3ad7b77c908d7c3f7e167ec5a8f035c64ff74f10d47a4edd043d723"
            ],
            "index": "pypi",
            "markers": "python_version >= '2.7' and python_version not in '3.0, 3.1, 3.2, 3.3, 3.4, 3.5, 3.6'",
            "version": "==3.22.0"
        }
    },
    "develop": {
        "asttokens": {
            "hashes": [
                "sha256:0dcd8baa8d62b0c1d118b399b2ddba3c4aff271d0d7a9e0d4c1681c79035bbc7",
                "sha256:e3078351a059199dd5138cb1c706e6430c05eff2ff136af5eb4790f9d28932e2"
            ],
            "markers": "python_version >= '3.8'",
            "version": "==3.0.0"
        },
        "comm": {
            "hashes": [
                "sha256:3fd7a84065306e07bea1773df6eb8282de51ba82f77c72f9c85716ab11fe980e",
                "sha256:e6fb86cb70ff661ee8c9c14e7d36d6de3b4066f1441be4063df9c5009f0a64d3"
            ],
            "markers": "python_version >= '3.8'",
            "version": "==0.2.2"
        },
        "debugpy": {
            "hashes": [
                "sha256:06859f68e817966723ffe046b896b1bd75c665996a77313370336ee9e1de3e90",
                "sha256:2b8de94c5c78aa0d0ed79023eb27c7c56a64c68217d881bee2ffbcb13951d0c1",
                "sha256:31abc9618be4edad0b3e3a85277bc9ab51a2d9f708ead0d99ffb5bb750e18503",
                "sha256:32b6857f8263a969ce2ca098f228e5cc0604d277447ec05911a8c46cf3e7e307",
                "sha256:3872ce5453b17837ef47fb9f3edc25085ff998ce63543f45ba7af41e7f7d370f",
                "sha256:3dae443739c6b604802da9f3e09b0f45ddf1cf23c99161f3a1a8039f61a8bb89",
                "sha256:46abe0b821cad751fc1fb9f860fb2e68d75e2c5d360986d0136cd1db8cad4428",
                "sha256:4caca674206e97c85c034c1efab4483f33971d4e02e73081265ecb612af65377",
                "sha256:5268ae7fdca75f526d04465931cb0bd24577477ff50e8bb03dab90983f4ebd02",
                "sha256:62f9b4a861c256f37e163ada8cf5a81f4c8d5148fc17ee31fb46813bd658cdcc",
                "sha256:63ca7670563c320503fea26ac688988d9d6b9c6a12abc8a8cf2e7dd8e5f6b6ea",
                "sha256:6fab771639332bd8ceb769aacf454a30d14d7a964f2012bf9c4e04c60f16e85b",
                "sha256:79ce4ed40966c4c1631d0131606b055a5a2f8e430e3f7bf8fd3744b09943e8e8",
                "sha256:7d9a05efc6973b5aaf076d779cf3a6bbb1199e059a17738a2aa9d27a53bcc888",
                "sha256:837e7bef95bdefba426ae38b9a94821ebdc5bea55627879cd48165c90b9e50ce",
                "sha256:887d54276cefbe7290a754424b077e41efa405a3e07122d8897de54709dbe522",
                "sha256:924464d87e7d905eb0d79fb70846558910e906d9ee309b60c4fe597a2e802590",
                "sha256:a0bd87557f97bced5513a74088af0b84982b6ccb2e254b9312e29e8a5c4270eb",
                "sha256:acf39a6e98630959763f9669feddee540745dfc45ad28dbc9bd1f9cd60639391",
                "sha256:cb56c2db69fb8df3168bc857d7b7d2494fed295dfdbde9a45f27b4b152f37520",
                "sha256:d4ba115cdd0e3a70942bd562adba9ec8c651fe69ddde2298a1be296fc331906f",
                "sha256:dc7b77f5d32674686a5f06955e4b18c0e41fb5a605f5b33cf225790f114cfeec",
                "sha256:ea869fe405880327497e6945c09365922c79d2a1eed4c3ae04d77ac7ae34b2b5",
                "sha256:ed93c3155fc1f888ab2b43626182174e457fc31b7781cd1845629303790b8ad1",
                "sha256:eee02b2ed52a563126c97bf04194af48f2fe1f68bb522a312b05935798e922ff",
                "sha256:f14d2c4efa1809da125ca62df41050d9c7cd9cb9e380a2685d1e453c4d450ccb"
            ],
            "markers": "python_version >= '3.8'",
            "version": "==1.8.13"
        },
        "decorator": {
            "hashes": [
                "sha256:65f266143752f734b0a7cc83c46f4618af75b8c5911b00ccb61d0ac9b6da0360",
                "sha256:d316bb415a2d9e2d2b3abcc4084c6502fc09240e292cd76a76afc106a1c8e04a"
            ],
            "markers": "python_version >= '3.8'",
            "version": "==5.2.1"
        },
        "executing": {
            "hashes": [
                "sha256:11387150cad388d62750327a53d3339fad4888b39a6fe233c3afbb54ecffd3aa",
                "sha256:5d108c028108fe2551d1a7b2e8b713341e2cb4fc0aa7dcf966fa4327a5226755"
            ],
            "markers": "python_version >= '3.8'",
            "version": "==2.2.0"
        },
        "ipykernel": {
            "hashes": [
                "sha256:afdb66ba5aa354b09b91379bac28ae4afebbb30e8b39510c9690afb7a10421b5",
                "sha256:f093a22c4a40f8828f8e330a9c297cb93dcab13bd9678ded6de8e5cf81c56215"
            ],
            "index": "pypi",
            "markers": "python_version >= '3.8'",
            "version": "==6.29.5"
        },
        "ipython": {
            "hashes": [
                "sha256:143ef3ea6fb1e1bffb4c74b114051de653ffb7737a3f7ab1670e657ca6ae8c44",
                "sha256:ec7b479e3e5656bf4f58c652c120494df1820f4f28f522fb7ca09e213c2aab52"
            ],
            "markers": "python_version >= '3.11'",
            "version": "==9.0.2"
        },
        "ipython-pygments-lexers": {
            "hashes": [
                "sha256:09c0138009e56b6854f9535736f4171d855c8c08a563a0dcd8022f78355c7e81",
                "sha256:a9462224a505ade19a605f71f8fa63c2048833ce50abc86768a0d81d876dc81c"
            ],
            "markers": "python_version >= '3.8'",
            "version": "==1.1.1"
        },
        "jedi": {
            "hashes": [
                "sha256:4770dc3de41bde3966b02eb84fbcf557fb33cce26ad23da12c742fb50ecb11f0",
                "sha256:a8ef22bde8490f57fe5c7681a3c83cb58874daf72b4784de3cce5b6ef6edb5b9"
            ],
            "markers": "python_version >= '3.6'",
            "version": "==0.19.2"
        },
        "jupyter-client": {
            "hashes": [
                "sha256:35b3a0947c4a6e9d589eb97d7d4cd5e90f910ee73101611f01283732bd6d9419",
                "sha256:e8a19cc986cc45905ac3362915f410f3af85424b4c0905e94fa5f2cb08e8f23f"
            ],
            "markers": "python_version >= '3.8'",
            "version": "==8.6.3"
        },
        "jupyter-core": {
            "hashes": [
                "sha256:4f7315d2f6b4bcf2e3e7cb6e46772eba760ae459cd1f59d29eb57b0a01bd7409",
                "sha256:aa5f8d32bbf6b431ac830496da7392035d6f61b4f54872f15c4bd2a9c3f536d9"
            ],
            "markers": "python_version >= '3.8'",
            "version": "==5.7.2"
        },
        "matplotlib-inline": {
            "hashes": [
                "sha256:8423b23ec666be3d16e16b60bdd8ac4e86e840ebd1dd11a30b9f117f2fa0ab90",
                "sha256:df192d39a4ff8f21b1895d72e6a13f5fcc5099f00fa84384e0ea28c2cc0653ca"
            ],
            "markers": "python_version >= '3.8'",
            "version": "==0.1.7"
        },
        "nest-asyncio": {
            "hashes": [
                "sha256:6f172d5449aca15afd6c646851f4e31e02c598d553a667e38cafa997cfec55fe",
                "sha256:87af6efd6b5e897c81050477ef65c62e2b2f35d51703cae01aff2905b1852e1c"
            ],
            "markers": "python_version >= '3.5'",
            "version": "==1.6.0"
        },
        "packaging": {
            "hashes": [
                "sha256:09abb1bccd265c01f4a3aa3f7a7db064b36514d2cba19a2f694fe6150451a759",
                "sha256:c228a6dc5e932d346bc5739379109d49e8853dd8223571c7c5b55260edc0b97f"
            ],
            "markers": "python_version >= '3.8'",
            "version": "==24.2"
        },
        "parso": {
            "hashes": [
                "sha256:a418670a20291dacd2dddc80c377c5c3791378ee1e8d12bffc35420643d43f18",
                "sha256:eb3a7b58240fb99099a345571deecc0f9540ea5f4dd2fe14c2a99d6b281ab92d"
            ],
            "markers": "python_version >= '3.6'",
            "version": "==0.8.4"
        },
        "pexpect": {
            "hashes": [
                "sha256:7236d1e080e4936be2dc3e326cec0af72acf9212a7e1d060210e70a47e253523",
                "sha256:ee7d41123f3c9911050ea2c2dac107568dc43b2d3b0c7557a33212c398ead30f"
            ],
            "markers": "sys_platform != 'win32' and sys_platform != 'emscripten'",
            "version": "==4.9.0"
        },
        "platformdirs": {
            "hashes": [
                "sha256:a03875334331946f13c549dbd8f4bac7a13a50a895a0eb1e8c6a8ace80d40a94",
                "sha256:eb437d586b6a0986388f0d6f74aa0cde27b48d0e3d66843640bfb6bdcdb6e351"
            ],
            "markers": "python_version >= '3.9'",
            "version": "==4.3.7"
        },
        "prompt-toolkit": {
            "hashes": [
                "sha256:544748f3860a2623ca5cd6d2795e7a14f3d0e1c3c9728359013f79877fc89bab",
                "sha256:9b6427eb19e479d98acff65196a307c555eb567989e6d88ebbb1b509d9779198"
            ],
            "markers": "python_full_version >= '3.8.0'",
            "version": "==3.0.50"
        },
        "psutil": {
            "hashes": [
                "sha256:101d71dc322e3cffd7cea0650b09b3d08b8e7c4109dd6809fe452dfd00e58b25",
                "sha256:1e744154a6580bc968a0195fd25e80432d3afec619daf145b9e5ba16cc1d688e",
                "sha256:1fcee592b4c6f146991ca55919ea3d1f8926497a713ed7faaf8225e174581e91",
                "sha256:39db632f6bb862eeccf56660871433e111b6ea58f2caea825571951d4b6aa3da",
                "sha256:4b1388a4f6875d7e2aff5c4ca1cc16c545ed41dd8bb596cefea80111db353a34",
                "sha256:4cf3d4eb1aa9b348dec30105c55cd9b7d4629285735a102beb4441e38db90553",
                "sha256:7be9c3eba38beccb6495ea33afd982a44074b78f28c434a1f51cc07fd315c456",
                "sha256:84df4eb63e16849689f76b1ffcb36db7b8de703d1bc1fe41773db487621b6c17",
                "sha256:a5f098451abc2828f7dc6b58d44b532b22f2088f4999a937557b603ce72b1993",
                "sha256:ba3fcef7523064a6c9da440fc4d6bd07da93ac726b5733c29027d7dc95b39d99"
            ],
            "markers": "python_version >= '3.6'",
            "version": "==7.0.0"
        },
        "ptyprocess": {
            "hashes": [
                "sha256:4b41f3967fce3af57cc7e94b888626c18bf37a083e3651ca8feeb66d492fef35",
                "sha256:5c5d0a3b48ceee0b48485e0c26037c0acd7d29765ca3fbb5cb3831d347423220"
            ],
            "version": "==0.7.0"
        },
        "pure-eval": {
            "hashes": [
                "sha256:1db8e35b67b3d218d818ae653e27f06c3aa420901fa7b081ca98cbedc874e0d0",
                "sha256:5f4e983f40564c576c7c8635ae88db5956bb2229d7e9237d03b3c0b0190eaf42"
            ],
            "version": "==0.2.3"
        },
        "pygments": {
            "hashes": [
                "sha256:61c16d2a8576dc0649d9f39e089b5f02bcd27fba10d8fb4dcc28173f7a45151f",
                "sha256:9ea1544ad55cecf4b8242fab6dd35a93bbce657034b0611ee383099054ab6d8c"
            ],
            "markers": "python_version >= '3.8'",
            "version": "==2.19.1"
        },
        "python-dateutil": {
            "hashes": [
                "sha256:37dd54208da7e1cd875388217d5e00ebd4179249f90fb72437e91a35459a0ad3",
                "sha256:a8b2bc7bffae282281c8140a97d3aa9c14da0b136dfe83f850eea9a5f7470427"
            ],
            "markers": "python_version >= '2.7' and python_version not in '3.0, 3.1, 3.2'",
            "version": "==2.9.0.post0"
        },
        "pyzmq": {
            "hashes": [
                "sha256:009a38241c76184cb004c869e82a99f0aee32eda412c1eb44df5820324a01d25",
                "sha256:016d89bee8c7d566fad75516b4e53ec7c81018c062d4c51cd061badf9539be52",
                "sha256:0240289e33e3fbae44a5db73e54e955399179332a6b1d47c764a4983ec1524c3",
                "sha256:03caa2ffd64252122139d50ec92987f89616b9b92c9ba72920b40e92709d5e26",
                "sha256:04bfe59852d76d56736bfd10ac1d49d421ab8ed11030b4a0332900691507f557",
                "sha256:0b42403ad7d1194dca9574cd3c56691c345f4601fa2d0a33434f35142baec7ac",
                "sha256:0f3dfb68cf7bf4cfdf34283a75848e077c5defa4907506327282afe92780084d",
                "sha256:14e0b81753424bd374075df6cc30b87f2c99e5f022501d97eff66544ca578941",
                "sha256:1586944f4736515af5c6d3a5b150c7e8ca2a2d6e46b23057320584d6f2438f4a",
                "sha256:1595533de3a80bf8363372c20bafa963ec4bf9f2b8f539b1d9a5017f430b84c9",
                "sha256:1614fcd116275d24f2346ffca4047a741c546ad9d561cbf7813f11226ca4ed2c",
                "sha256:18183cc3851b995fdc7e5f03d03b8a4e1b12b0f79dff1ec1da75069af6357a05",
                "sha256:1fc81d5d60c9d40e692de14b8d884d43cf67562402b931681f0ccb3ce6b19875",
                "sha256:1fe05bd0d633a0f672bb28cb8b4743358d196792e1caf04973b7898a0d70b046",
                "sha256:209d09f0ab6ddbcebe64630d1e6ca940687e736f443c265ae15bc4bfad833597",
                "sha256:21399b31753bf321043ea60c360ed5052cc7be20739785b1dff1820f819e35b3",
                "sha256:214038aaa88e801e54c2ef0cfdb2e6df27eb05f67b477380a452b595c5ecfa37",
                "sha256:21c6ddb98557a77cfe3366af0c5600fb222a1b2de5f90d9cd052b324e0c295e8",
                "sha256:240b1634b9e530ef6a277d95cbca1a6922f44dfddc5f0a3cd6c722a8de867f14",
                "sha256:2833602d9d42c94b9d0d2a44d2b382d3d3a4485be018ba19dddc401a464c617a",
                "sha256:2aa1a9f236d5b835fb8642f27de95f9edcfd276c4bc1b6ffc84f27c6fb2e2981",
                "sha256:2cf9ab0dff4dbaa2e893eb608373c97eb908e53b7d9793ad00ccbd082c0ee12f",
                "sha256:2d3459b6311463c96abcb97808ee0a1abb0d932833edb6aa81c30d622fd4a12d",
                "sha256:2dc46ec09f5d36f606ac8393303149e69d17121beee13c8dac25e2a2078e31c4",
                "sha256:2eaed0d911fb3280981d5495978152fab6afd9fe217fd16f411523665089cef1",
                "sha256:356ec0e39c5a9cda872b65aca1fd8a5d296ffdadf8e2442b70ff32e73ef597b1",
                "sha256:3ec332675f6a138db57aad93ae6387953763f85419bdbd18e914cb279ee1c451",
                "sha256:3fc9e71490d989144981ea21ef4fdfaa7b6aa84aff9632d91c736441ce2f6b00",
                "sha256:49334faa749d55b77f084389a80654bf2e68ab5191c0235066f0140c1b670d64",
                "sha256:4b127cfe10b4c56e4285b69fd4b38ea1d368099ea4273d8fb349163fce3cd598",
                "sha256:4c22a12713707467abedc6d75529dd365180c4c2a1511268972c6e1d472bd63e",
                "sha256:4e2cafe7e9c7fed690e8ecf65af119f9c482923b5075a78f6f7629c63e1b4b1d",
                "sha256:52b064fafef772d0f5dbf52d4c39f092be7bc62d9a602fe6e82082e001326de3",
                "sha256:5e17cc198dc50a25a0f245e6b1e56f692df2acec3ccae82d1f60c34bfb72bbec",
                "sha256:6d64e74143587efe7c9522bb74d1448128fdf9897cc9b6d8b9927490922fd558",
                "sha256:6e317ee1d4528a03506cb1c282cd9db73660a35b3564096de37de7350e7d87a7",
                "sha256:6fb539a6382a048308b409d8c66d79bf636eda1b24f70c78f2a1fd16e92b037b",
                "sha256:70b3acb9ad729a53d4e751dace35404a024f188aad406013454216aba5485b4e",
                "sha256:73ca9ae9a9011b714cf7650450cd9c8b61a135180b708904f1f0a05004543dce",
                "sha256:749d671b0eec8e738bbf0b361168369d8c682b94fcd458c20741dc4d69ef5278",
                "sha256:7897b8c8bbbb2bd8cad887bffcb07aede71ef1e45383bd4d6ac049bf0af312a4",
                "sha256:7998b60ef1c105846fb3bfca494769fde3bba6160902e7cd27a8df8257890ee9",
                "sha256:7a4ac2ffa34f1212dd586af90f4ba894e424f0cabb3a49cdcff944925640f6ac",
                "sha256:8ab78dc21c7b1e13053086bcf0b4246440b43b5409904b73bfd1156654ece8a1",
                "sha256:8c088e009a6d6b9f563336adb906e3a8d3fd64db129acc8d8fd0e9fe22b2dac8",
                "sha256:9176856f36c34a8aa5c0b35ddf52a5d5cd8abeece57c2cd904cfddae3fd9acd3",
                "sha256:91dead2daca698ae52ce70ee2adbb94ddd9b5f96877565fd40aa4efd18ecc6a3",
                "sha256:92a30840f4f2a31f7049d0a7de5fc69dd03b19bd5d8e7fed8d0bde49ce49b589",
                "sha256:943a22ebb3daacb45f76a9bcca9a7b74e7d94608c0c0505da30af900b998ca8d",
                "sha256:952085a09ff32115794629ba47f8940896d7842afdef1283332109d38222479d",
                "sha256:96c0006a8d1d00e46cb44c8e8d7316d4a232f3d8f2ed43179d4578dbcb0829b6",
                "sha256:979486d444ca3c469cd1c7f6a619ce48ff08b3b595d451937db543754bfacb65",
                "sha256:9b0137a1c40da3b7989839f9b78a44de642cdd1ce20dcef341de174c8d04aa53",
                "sha256:a995404bd3982c089e57b428c74edd5bfc3b0616b3dbcd6a8e270f1ee2110f36",
                "sha256:aa7efc695d1fc9f72d91bf9b6c6fe2d7e1b4193836ec530a98faf7d7a7577a58",
                "sha256:ad03f4252d9041b0635c37528dfa3f44b39f46024ae28c8567f7423676ee409b",
                "sha256:b2db7c82f08b8ce44c0b9d1153ce63907491972a7581e8b6adea71817f119df8",
                "sha256:b2eddfbbfb473a62c3a251bb737a6d58d91907f6e1d95791431ebe556f47d916",
                "sha256:b380e9087078ba91e45fb18cdd0c25275ffaa045cf63c947be0ddae6186bc9d9",
                "sha256:b4fc9903a73c25be9d5fe45c87faababcf3879445efa16140146b08fccfac017",
                "sha256:b72206eb041f780451c61e1e89dbc3705f3d66aaaa14ee320d4f55864b13358a",
                "sha256:b7b578d604e79e99aa39495becea013fd043fa9f36e4b490efa951f3d847a24d",
                "sha256:ba698c7c252af83b6bba9775035263f0df5f807f0404019916d4b71af8161f66",
                "sha256:bad7fe0372e505442482ca3ccbc0d6f38dae81b1650f57a0aa6bbee18e7df495",
                "sha256:bbef99eb8d18ba9a40f00e8836b8040cdcf0f2fa649684cf7a66339599919d21",
                "sha256:bd84441e4021cec6e4dd040550386cd9c9ea1d9418ea1a8002dbb7b576026b2b",
                "sha256:be77efd735bb1064605be8dec6e721141c1421ef0b115ef54e493a64e50e9a52",
                "sha256:c0b519fa2159c42272f8a244354a0e110d65175647e5185b04008ec00df9f079",
                "sha256:c15b69af22030960ac63567e98ad8221cddf5d720d9cf03d85021dfd452324ef",
                "sha256:c1bd75d692cd7c6d862a98013bfdf06702783b75cffbf5dae06d718fecefe8f2",
                "sha256:c208a977843d18d3bd185f323e4eaa912eb4869cb230947dc6edd8a27a4e558a",
                "sha256:c4430c7cba23bb0e2ee203eee7851c1654167d956fc6d4b3a87909ccaf3c5825",
                "sha256:c80653332c6136da7f4d4e143975e74ac0fa14f851f716d90583bc19e8945cea",
                "sha256:cf6db401f4957afbf372a4730c6d5b2a234393af723983cbf4bcd13d54c71e1a",
                "sha256:cf736cc1298ef15280d9fcf7a25c09b05af016656856dc6fe5626fd8912658dd",
                "sha256:d015efcd96aca8882057e7e6f06224f79eecd22cad193d3e6a0a91ec67590d1f",
                "sha256:d35cc1086f1d4f907df85c6cceb2245cb39a04f69c3f375993363216134d76d4",
                "sha256:d7165bcda0dbf203e5ad04d79955d223d84b2263df4db92f525ba370b03a12ab",
                "sha256:d8270d104ec7caa0bdac246d31d48d94472033ceab5ba142881704350b28159c",
                "sha256:da87e977f92d930a3683e10ba2b38bcc59adfc25896827e0b9d78b208b7757a6",
                "sha256:e281a8071a06888575a4eb523c4deeefdcd2f5fe4a2d47e02ac8bf3a5b49f695",
                "sha256:e34a63f71d2ecffb3c643909ad2d488251afeb5ef3635602b3448e609611a7ed",
                "sha256:eb96568a22fe070590942cd4780950e2172e00fb033a8b76e47692583b1bd97c",
                "sha256:eddc2be28a379c218e0d92e4a432805dcb0ca5870156a90b54c03cd9799f9f8a",
                "sha256:efba4f53ac7752eea6d8ca38a4ddac579e6e742fba78d1e99c12c95cd2acfc64",
                "sha256:f1cd68b8236faab78138a8fc703f7ca0ad431b17a3fcac696358600d4e6243b3",
                "sha256:f52eba83272a26b444f4b8fc79f2e2c83f91d706d693836c9f7ccb16e6713c31",
                "sha256:f950f17ae608e0786298340163cac25a4c5543ef25362dd5ddb6dcb10b547be9",
                "sha256:fa85953df84beb7b8b73cb3ec3f5d92b62687a09a8e71525c6734e020edf56fd",
                "sha256:fbf206e5329e20937fa19bd41cf3af06d5967f8f7e86b59d783b26b40ced755c",
                "sha256:fd30fc80fe96efb06bea21667c5793bbd65c0dc793187feb39b8f96990680b00",
                "sha256:fe67291775ea4c2883764ba467eb389c29c308c56b86c1e19e49c9e1ed0cbeca",
                "sha256:fea7efbd7e49af9d7e5ed6c506dfc7de3d1a628790bd3a35fd0e3c904dc7d464"
            ],
            "markers": "python_version >= '3.8'",
            "version": "==26.3.0"
        },
        "six": {
            "hashes": [
                "sha256:4721f391ed90541fddacab5acf947aa0d3dc7d27b2e1e8eda2be8970586c3274",
                "sha256:ff70335d468e7eb6ec65b95b99d3a2836546063f63acc5171de367e834932a81"
            ],
            "markers": "python_version >= '2.7' and python_version not in '3.0, 3.1, 3.2'",
            "version": "==1.17.0"
        },
        "stack-data": {
            "hashes": [
                "sha256:836a778de4fec4dcd1dcd89ed8abff8a221f58308462e1c4aa2a3cf30148f0b9",
                "sha256:d5558e0c25a4cb0853cddad3d77da9891a08cb85dd9f9f91b9f8cd66e511e695"
            ],
            "version": "==0.6.3"
        },
        "tornado": {
            "hashes": [
                "sha256:072ce12ada169c5b00b7d92a99ba089447ccc993ea2143c9ede887e0937aa803",
                "sha256:1a017d239bd1bb0919f72af256a970624241f070496635784d9bf0db640d3fec",
                "sha256:2876cef82e6c5978fde1e0d5b1f919d756968d5b4282418f3146b79b58556482",
                "sha256:304463bd0772442ff4d0f5149c6f1c2135a1fae045adf070821c6cdc76980634",
                "sha256:908b71bf3ff37d81073356a5fadcc660eb10c1476ee6e2725588626ce7e5ca38",
                "sha256:92bad5b4746e9879fd7bf1eb21dce4e3fc5128d71601f80005afa39237ad620b",
                "sha256:932d195ca9015956fa502c6b56af9eb06106140d844a335590c1ec7f5277d10c",
                "sha256:bca9eb02196e789c9cb5c3c7c0f04fb447dc2adffd95265b2c7223a8a615ccbf",
                "sha256:c36e62ce8f63409301537222faffcef7dfc5284f27eec227389f2ad11b09d946",
                "sha256:c82c46813ba483a385ab2a99caeaedf92585a1f90defb5693351fa7e4ea0bf73",
                "sha256:e828cce1123e9e44ae2a50a9de3055497ab1d0aeb440c5ac23064d9e44880da1"
            ],
            "markers": "python_version >= '3.8'",
            "version": "==6.4.2"
        },
        "traitlets": {
            "hashes": [
                "sha256:9ed0579d3502c94b4b3732ac120375cda96f923114522847de4b3bb98b96b6b7",
                "sha256:b74e89e397b1ed28cc831db7aea759ba6640cb3de13090ca145426688ff1ac4f"
            ],
            "markers": "python_version >= '3.8'",
            "version": "==5.14.3"
        },
        "wcwidth": {
            "hashes": [
                "sha256:3da69048e4540d84af32131829ff948f1e022c1c6bdb8d6102117aac784f6859",
                "sha256:72ea0c06399eb286d978fdedb6923a9eb47e1c486ce63e9b4e64fc18303972b5"
            ],
            "version": "==0.2.13"
        }
    }
}
